
Microsoft Visual Studio Solution File, Format Version 12.00
# Visual Studio Version 17
VisualStudioVersion = 17.11.35303.130
MinimumVisualStudioVersion = 10.0.40219.1
Project("{8BC9CEB8-8B4A-11D0-8D11-00A0C91BC942}") = "MemProcFS-SetEnv", "MemProcFS-SetEnv\MemProcFS-SetEnv.vcxproj", "{7FF377A9-D401-48BA-A079-91B4507CC719}"
EndProject
Global
	GlobalSection(SolutionConfigurationPlatforms) = preSolution
		Debug|x64 = Debug|x64
		Debug|x86 = Debug|x86
		Release|x64 = Release|x64
		Release|x86 = Release|x86
	EndGlobalSection
	GlobalSection(ProjectConfigurationPlatforms) = postSolution
		{7FF377A9-D401-48BA-A079-91B4507CC719}.Debug|x64.ActiveCfg = Debug|x64
		{7FF377A9-D401-48BA-A079-91B4507CC719}.Debug|x64.Build.0 = Debug|x64
		{7FF377A9-D401-48BA-A079-91B4507CC719}.Debug|x86.ActiveCfg = Debug|Win32
		{7FF377A9-D401-48BA-A079-91B4507CC719}.Debug|x86.Build.0 = Debug|Win32
		{7FF377A9-D401-48BA-A079-91B4507CC719}.Release|x64.ActiveCfg = Release|x64
		{7FF377A9-D401-48BA-A079-91B4507CC719}.Release|x64.Build.0 = Release|x64
		{7FF377A9-D401-48BA-A079-91B4507CC719}.Release|x86.ActiveCfg = Release|Win32
		{7FF377A9-D401-48BA-A079-91B4507CC719}.Release|x86.Build.0 = Release|Win32
	EndGlobalSection
	GlobalSection(SolutionProperties) = preSolution
		HideSolutionNode = FALSE
	EndGlobalSection
	GlobalSection(ExtensibilityGlobals) = postSolution
		SolutionGuid = {A5776B84-B16B-4BE3-AB2D-775F82FD7EE1}
	EndGlobalSection
EndGlobal
